{
  "name": "plumes",
  "version": "1.0.0",
  "lockfileVersion": 3,
  "requires": true,
  "packages": {
    "": {
      "name": "plumes",
      "version": "1.0.0",
      "license": "0BSD",
      "devDependencies": {
        "@gesslar/muddy": "^2.2.2"
      }
    },
    "../muddy": {
      "name": "@gesslar/muddy",
      "version": "2.2.2",
      "extraneous": true,
      "license": "0BSD",
      "dependencies": {
        "@gesslar/actioneer": "^3.1.0",
        "@gesslar/colours": "^1.0.0",
        "@gesslar/toolkit": "^5.5.2",
        "adm-zip": "^0.5.17",
        "commander": "^15.0.0",
        "xmlbuilder2": "^4.0.3"
      },
      "bin": {
        "muddy": "src/cli.js"
      },
      "devDependencies": {
        "@gesslar/uglier": "^2.4.1",
        "eslint": "^10.5.0",
        "typescript": "^6.0.3"
      },
      "engines": {
        "node": ">=24"
      }
    },
    "node_modules/@gesslar/actioneer": {
      "version": "3.1.0",
      "resolved": "https://registry.npmjs.org/@gesslar/actioneer/-/actioneer-3.1.0.tgz",
      "integrity": "sha512-xSM9u09lABt70BtlbYnhR5cuAwQnl1+iH9A7au3HLMwgrPeb8UJjYVo1FlN+CZRKlZkWqfrcxYHAqZrdRyY7JA==",
      "dev": true,
      "license": "0BSD",
      "dependencies": {
        "@gesslar/toolkit": "^5.5.2"
      },
      "engines": {
        "node": ">=24"
      }
    },
    "node_modules/@gesslar/colours": {
      "version": "1.0.0",
      "resolved": "https://registry.npmjs.org/@gesslar/colours/-/colours-1.0.0.tgz",
      "integrity": "sha512-+u3j2gG6nWlAgqVJ2zXBtiSDMlc71US4sCG1D4EksZI72MUTYFuE5QYew2+XAGZwXKi31ibdNil+Hoy0y2jGEA==",
      "dev": true,
      "license": "0BSD",
      "bin": {
        "colours": "src/cli.js"
      },
      "engines": {
        "node": ">=24.11.0"
      }
    },
    "node_modules/@gesslar/muddy": {
      "version": "2.2.2",
      "resolved": "https://registry.npmjs.org/@gesslar/muddy/-/muddy-2.2.2.tgz",
      "integrity": "sha512-MfAatk6kPKFy6joN9IvyQ6x2Zp1ZrxelYdtKnoN+/W04HAzYvgykGsQdprWHJX3uBFVP7JnMnXrXndxhS7Y7MQ==",
      "dev": true,
      "license": "0BSD",
      "dependencies": {
        "@gesslar/actioneer": "^3.0.1",
        "@gesslar/colours": "^1.0.0",
        "@gesslar/toolkit": "^5.4.0",
        "adm-zip": "^0.5.17",
        "commander": "^14.0.3",
        "xmlbuilder2": "^4.0.3"
      },
      "bin": {
        "muddy": "src/cli.js"
      },
      "engines": {
        "node": ">=24"
      }
    },
    "node_modules/@gesslar/toolkit": {
      "version": "5.6.0",
      "resolved": "https://registry.npmjs.org/@gesslar/toolkit/-/toolkit-5.6.0.tgz",
      "integrity": "sha512-GPcA7qRBNp+6yPmn1jP2y2o0jrVFU3qn6U5+sdejcQgLi3rv7qDTrUosGIKTV0YhYJsiV5zoAxB4G6GHt7H0tw==",
      "dev": true,
      "hasInstallScript": true,
      "license": "0BSD",
      "dependencies": {
        "@gesslar/colours": "^1.0.0",
        "json5": "^2.2.3",
        "supports-color": "^10.2.2",
        "yaml": "^2.9.0"
      },
      "engines": {
        "node": ">=24"
      }
    },
    "node_modules/@oozcitak/dom": {
      "version": "2.0.2",
      "resolved": "https://registry.npmjs.org/@oozcitak/dom/-/dom-2.0.2.tgz",
      "integrity": "sha512-GjpKhkSYC3Mj4+lfwEyI1dqnsKTgwGy48ytZEhm4A/xnH/8z9M3ZVXKr/YGQi3uCLs1AEBS+x5T2JPiueEDW8w==",
      "dev": true,
      "license": "MIT",
      "dependencies": {
        "@oozcitak/infra": "^2.0.2",
        "@oozcitak/url": "^3.0.0",
        "@oozcitak/util": "^10.0.0"
      },
      "engines": {
        "node": ">=20.0"
      }
    },
    "node_modules/@oozcitak/infra": {
      "version": "2.0.2",
      "resolved": "https://registry.npmjs.org/@oozcitak/infra/-/infra-2.0.2.tgz",
      "integrity": "sha512-2g+E7hoE2dgCz/APPOEK5s3rMhJvNxSMBrP+U+j1OWsIbtSpWxxlUjq1lU8RIsFJNYv7NMlnVsCuHcUzJW+8vA==",
      "dev": true,
      "license": "MIT",
      "dependencies": {
        "@oozcitak/util": "^10.0.0"
      },
      "engines": {
        "node": ">=20.0"
      }
    },
    "node_modules/@oozcitak/url": {
      "version": "3.0.0",
      "resolved": "https://registry.npmjs.org/@oozcitak/url/-/url-3.0.0.tgz",
      "integrity": "sha512-ZKfET8Ak1wsLAiLWNfFkZc/BraDccuTJKR6svTYc7sVjbR+Iu0vtXdiDMY4o6jaFl5TW2TlS7jbLl4VovtAJWQ==",
      "dev": true,
      "license": "MIT",
      "dependencies": {
        "@oozcitak/infra": "^2.0.2",
        "@oozcitak/util": "^10.0.0"
      },
      "engines": {
        "node": ">=20.0"
      }
    },
    "node_modules/@oozcitak/util": {
      "version": "10.0.0",
      "resolved": "https://registry.npmjs.org/@oozcitak/util/-/util-10.0.0.tgz",
      "integrity": "sha512-hAX0pT/73190NLqBPPWSdBVGtbY6VOhWYK3qqHqtXQ1gK7kS2yz4+ivsN07hpJ6I3aeMtKP6J6npsEKOAzuTLA==",
      "dev": true,
      "license": "MIT",
      "engines": {
        "node": ">=20.0"
      }
    },
    "node_modules/adm-zip": {
      "version": "0.5.17",
      "resolved": "https://registry.npmjs.org/adm-zip/-/adm-zip-0.5.17.tgz",
      "integrity": "sha512-+Ut8d9LLqwEvHHJl1+PIHqoyDxFgVN847JTVM3Izi3xHDWPE4UtzzXysMZQs64DMcrJfBeS/uoEP4AD3HQHnQQ==",
      "dev": true,
      "license": "MIT",
      "engines": {
        "node": ">=12.0"
      }
    },
    "node_modules/argparse": {
      "version": "2.0.1",
      "resolved": "https://registry.npmjs.org/argparse/-/argparse-2.0.1.tgz",
      "integrity": "sha512-8+9WqebbFzpX9OR+Wa6O29asIogeRMzcGtAINdpMHHyAg10f05aSFVBbcEqGf/PXw1EjAZ+q2/bEBg3DvurK3Q==",
      "dev": true,
      "license": "Python-2.0"
    },
    "node_modules/commander": {
      "version": "14.0.3",
      "resolved": "https://registry.npmjs.org/commander/-/commander-14.0.3.tgz",
      "integrity": "sha512-H+y0Jo/T1RZ9qPP4Eh1pkcQcLRglraJaSLoyOtHxu6AapkjWVCy2Sit1QQ4x3Dng8qDlSsZEet7g5Pq06MvTgw==",
      "dev": true,
      "license": "MIT",
      "engines": {
        "node": ">=20"
      }
    },
    "node_modules/js-yaml": {
      "version": "4.2.0",
      "resolved": "https://registry.npmjs.org/js-yaml/-/js-yaml-4.2.0.tgz",
      "integrity": "sha512-ePWsvanv0DWuDRsW8dnt+R4jQ31SCRCQ7hhNcPXZPsoBZiemuZNYGf7adZdqX2D86j6rvKp3RpCxVTSb8WQlOw==",
      "dev": true,
      "funding": [
        {
          "type": "github",
          "url": "https://github.com/sponsors/puzrin"
        },
        {
          "type": "github",
          "url": "https://github.com/sponsors/nodeca"
        }
      ],
      "license": "MIT",
      "dependencies": {
        "argparse": "^2.0.1"
      },
      "bin": {
        "js-yaml": "bin/js-yaml.js"
      }
    },
    "node_modules/json5": {
      "version": "2.2.3",
      "resolved": "https://registry.npmjs.org/json5/-/json5-2.2.3.tgz",
      "integrity": "sha512-XmOWe7eyHYH14cLdVPoyg+GOH3rYX++KpzrylJwSW98t3Nk+U8XOl8FWKOgwtzdb8lXGf6zYwDUzeHMWfxasyg==",
      "dev": true,
      "license": "MIT",
      "bin": {
        "json5": "lib/cli.js"
      },
      "engines": {
        "node": ">=6"
      }
    },
    "node_modules/supports-color": {
      "version": "10.2.2",
      "resolved": "https://registry.npmjs.org/supports-color/-/supports-color-10.2.2.tgz",
      "integrity": "sha512-SS+jx45GF1QjgEXQx4NJZV9ImqmO2NPz5FNsIHrsDjh2YsHnawpan7SNQ1o8NuhrbHZy9AZhIoCUiCeaW/C80g==",
      "dev": true,
      "license": "MIT",
      "engines": {
        "node": ">=18"
      },
      "funding": {
        "url": "https://github.com/chalk/supports-color?sponsor=1"
      }
    },
    "node_modules/xmlbuilder2": {
      "version": "4.0.3",
      "resolved": "https://registry.npmjs.org/xmlbuilder2/-/xmlbuilder2-4.0.3.tgz",
      "integrity": "sha512-bx8Q1STctnNaaDymWnkfQLKofs0mGNN7rLLapJlGuV3VlvegD7Ls4ggMjE3aUSWItCCzU0PEv45lI87iSigiCA==",
      "dev": true,
      "license": "MIT",
      "dependencies": {
        "@oozcitak/dom": "^2.0.2",
        "@oozcitak/infra": "^2.0.2",
        "@oozcitak/util": "^10.0.0",
        "js-yaml": "^4.1.1"
      },
      "engines": {
        "node": ">=20.0"
      }
    },
    "node_modules/yaml": {
      "version": "2.9.0",
      "resolved": "https://registry.npmjs.org/yaml/-/yaml-2.9.0.tgz",
      "integrity": "sha512-2AvhNX3mb8zd6Zy7INTtSpl1F15HW6Wnqj0srWlkKLcpYl/gMIMJiyuGq2KeI2YFxUPjdlB+3Lc10seMLtL4cA==",
      "dev": true,
      "license": "ISC",
      "bin": {
        "yaml": "bin.mjs"
      },
      "engines": {
        "node": ">= 14.6"
      },
      "funding": {
        "url": "https://github.com/sponsors/eemeli"
      }
    }
  }
}
